// !$*UTF8*$!
{
	archiveVersion = 1;
	classes = {
	};
	objectVersion = 50;
	objects = {

/* Begin PBXBuildFile section */
		722F8D7A269A0827005368C9 /* AppDelegate.swift in Sources */ = {isa = PBXBuildFile; fileRef = 722F8D79269A0827005368C9 /* AppDelegate.swift */; };
		722F8D7C269A0827005368C9 /* SceneDelegate.swift in Sources */ = {isa = PBXBuildFile; fileRef = 722F8D7B269A0827005368C9 /* SceneDelegate.swift */; };
		722F8D81269A0827005368C9 /* Main.storyboard in Resources */ = {isa = PBXBuildFile; fileRef = 722F8D7F269A0827005368C9 /* Main.storyboard */; };
		722F8D83269A0829005368C9 /* Assets.xcassets in Resources */ = {isa = PBXBuildFile; fileRef = 722F8D82269A0829005368C9 /* Assets.xcassets */; };
		722F8D86269A0829005368C9 /* LaunchScreen.storyboard in Resources */ = {isa = PBXBuildFile; fileRef = 722F8D84269A0829005368C9 /* LaunchScreen.storyboard */; };
		722F8D8E269A0EE7005368C9 /* Colors.xcassets in Resources */ = {isa = PBXBuildFile; fileRef = 722F8D8D269A0EE7005368C9 /* Colors.xcassets */; };
		722F8D91269A191C005368C9 /* AnimatedButton.swift in Sources */ = {isa = PBXBuildFile; fileRef = 722F8D90269A191C005368C9 /* AnimatedButton.swift */; };
		722F8D94269A194E005368C9 /* UIView+Extensions.swift in Sources */ = {isa = PBXBuildFile; fileRef = 722F8D93269A194E005368C9 /* UIView+Extensions.swift */; };
		722F8D97269A1BBD005368C9 /* LaunchHelper.swift in Sources */ = {isa = PBXBuildFile; fileRef = 722F8D96269A1BBD005368C9 /* LaunchHelper.swift */; };
		722F8D9A269A1CA1005368C9 /* MainViewController.swift in Sources */ = {isa = PBXBuildFile; fileRef = 722F8D99269A1CA1005368C9 /* MainViewController.swift */; };
		722F8D9D269A2F4D005368C9 /* LocationDetailViewController.swift in Sources */ = {isa = PBXBuildFile; fileRef = 722F8D9C269A2F4D005368C9 /* LocationDetailViewController.swift */; };
		722F8DA0269A3269005368C9 /* LocationDetailTableViewCell.swift in Sources */ = {isa = PBXBuildFile; fileRef = 722F8D9F269A3268005368C9 /* LocationDetailTableViewCell.swift */; };
		722F8DA2269A3E8A005368C9 /* LocationDetailHeaderTableViewCell.swift in Sources */ = {isa = PBXBuildFile; fileRef = 722F8DA1269A3E8A005368C9 /* LocationDetailHeaderTableViewCell.swift */; };
		722F8DA4269A3EE8005368C9 /* NibableHelperProtocol.swift in Sources */ = {isa = PBXBuildFile; fileRef = 722F8DA3269A3EE8005368C9 /* NibableHelperProtocol.swift */; };
		722F8DA7269A420F005368C9 /* LocationDetailHeaderView.xib in Resources */ = {isa = PBXBuildFile; fileRef = 722F8DA6269A420F005368C9 /* LocationDetailHeaderView.xib */; };
		722F8DA9269A4222005368C9 /* LocationDetailHeaderView.swift in Sources */ = {isa = PBXBuildFile; fileRef = 722F8DA8269A4222005368C9 /* LocationDetailHeaderView.swift */; };
		7258A197269A7EB5009369AA /* CarDetailCarImgTableViewCell.swift in Sources */ = {isa = PBXBuildFile; fileRef = 7258A196269A7EB5009369AA /* CarDetailCarImgTableViewCell.swift */; };
		7272768C269A58150055ACCA /* CarDetailViewController.swift in Sources */ = {isa = PBXBuildFile; fileRef = 7272768B269A58140055ACCA /* CarDetailViewController.swift */; };
		72CC82FA269A5D52001234DA /* CarDetailActionBtn.swift in Sources */ = {isa = PBXBuildFile; fileRef = 72CC82F9269A5D52001234DA /* CarDetailActionBtn.swift */; };
		72CC82FC269A662D001234DA /* CarDetailTitleTableViewCell.swift in Sources */ = {isa = PBXBuildFile; fileRef = 72CC82FB269A662D001234DA /* CarDetailTitleTableViewCell.swift */; };
		72CC82FE269A6662001234DA /* CarDetailMapTableViewCell.swift in Sources */ = {isa = PBXBuildFile; fileRef = 72CC82FD269A6662001234DA /* CarDetailMapTableViewCell.swift */; };
		72CC8300269A6699001234DA /* CarDetailCostTableViewCell.swift in Sources */ = {isa = PBXBuildFile; fileRef = 72CC82FF269A6699001234DA /* CarDetailCostTableViewCell.swift */; };
		72CC8302269A66C3001234DA /* CarDetailActionTableViewCell.swift in Sources */ = {isa = PBXBuildFile; fileRef = 72CC8301269A66C3001234DA /* CarDetailActionTableViewCell.swift */; };
/* End PBXBuildFile section */

/* Begin PBXFileReference section */
		722F8D76269A0827005368C9 /* GoGet.app */ = {isa = PBXFileReference; explicitFileType = wrapper.application; includeInIndex = 0; path = GoGet.app; sourceTree = BUILT_PRODUCTS_DIR; };
		722F8D79269A0827005368C9 /* AppDelegate.swift */ = {isa = PBXFileReference; lastKnownFileType = sourcecode.swift; path = AppDelegate.swift; sourceTree = "<group>"; };
		722F8D7B269A0827005368C9 /* SceneDelegate.swift */ = {isa = PBXFileReference; lastKnownFileType = sourcecode.swift; path = SceneDelegate.swift; sourceTree = "<group>"; };
		722F8D80269A0827005368C9 /* Base */ = {isa = PBXFileReference; lastKnownFileType = file.storyboard; name = Base; path = Base.lproj/Main.storyboard; sourceTree = "<group>"; };
		722F8D82269A0829005368C9 /* Assets.xcassets */ = {isa = PBXFileReference; lastKnownFileType = folder.assetcatalog; path = Assets.xcassets; sourceTree = "<group>"; };
		722F8D85269A0829005368C9 /* Base */ = {isa = PBXFileReference; lastKnownFileType = file.storyboard; name = Base; path = Base.lproj/LaunchScreen.storyboard; sourceTree = "<group>"; };
		722F8D87269A0829005368C9 /* Info.plist */ = {isa = PBXFileReference; lastKnownFileType = text.plist.xml; path = Info.plist; sourceTree = "<group>"; };
		722F8D8D269A0EE7005368C9 /* Colors.xcassets */ = {isa = PBXFileReference; lastKnownFileType = folder.assetcatalog; path = Colors.xcassets; sourceTree = "<group>"; };
		722F8D90269A191C005368C9 /* AnimatedButton.swift */ = {isa = PBXFileReference; lastKnownFileType = sourcecode.swift; path = AnimatedButton.swift; sourceTree = "<group>"; };
		722F8D93269A194E005368C9 /* UIView+Extensions.swift */ = {isa = PBXFileReference; lastKnownFileType = sourcecode.swift; name = "UIView+Extensions.swift"; path = "GoGet/CustomViews/UIView+Extensions.swift"; sourceTree = SOURCE_ROOT; };
		722F8D96269A1BBD005368C9 /* LaunchHelper.swift */ = {isa = PBXFileReference; lastKnownFileType = sourcecode.swift; path = LaunchHelper.swift; sourceTree = "<group>"; };
		722F8D99269A1CA1005368C9 /* MainViewController.swift */ = {isa = PBXFileReference; lastKnownFileType = sourcecode.swift; path = MainViewController.swift; sourceTree = "<group>"; };
		722F8D9C269A2F4D005368C9 /* LocationDetailViewController.swift */ = {isa = PBXFileReference; lastKnownFileType = sourcecode.swift; path = LocationDetailViewController.swift; sourceTree = "<group>"; };
		722F8D9F269A3268005368C9 /* LocationDetailTableViewCell.swift */ = {isa = PBXFileReference; lastKnownFileType = sourcecode.swift; path = LocationDetailTableViewCell.swift; sourceTree = "<group>"; };
		722F8DA1269A3E8A005368C9 /* LocationDetailHeaderTableViewCell.swift */ = {isa = PBXFileReference; lastKnownFileType = sourcecode.swift; path = LocationDetailHeaderTableViewCell.swift; sourceTree = "<group>"; };
		722F8DA3269A3EE8005368C9 /* NibableHelperProtocol.swift */ = {isa = PBXFileReference; lastKnownFileType = sourcecode.swift; path = NibableHelperProtocol.swift; sourceTree = "<group>"; };
		722F8DA6269A420F005368C9 /* LocationDetailHeaderView.xib */ = {isa = PBXFileReference; lastKnownFileType = file.xib; path = LocationDetailHeaderView.xib; sourceTree = "<group>"; };
		722F8DA8269A4222005368C9 /* LocationDetailHeaderView.swift */ = {isa = PBXFileReference; lastKnownFileType = sourcecode.swift; path = LocationDetailHeaderView.swift; sourceTree = "<group>"; };
		7258A196269A7EB5009369AA /* CarDetailCarImgTableViewCell.swift */ = {isa = PBXFileReference; lastKnownFileType = sourcecode.swift; path = CarDetailCarImgTableViewCell.swift; sourceTree = "<group>"; };
		7272768B269A58140055ACCA /* CarDetailViewController.swift */ = {isa = PBXFileReference; lastKnownFileType = sourcecode.swift; path = CarDetailViewController.swift; sourceTree = "<group>"; };
		72CC82F9269A5D52001234DA /* CarDetailActionBtn.swift */ = {isa = PBXFileReference; lastKnownFileType = sourcecode.swift; path = CarDetailActionBtn.swift; sourceTree = "<group>"; };
		72CC82FB269A662D001234DA /* CarDetailTitleTableViewCell.swift */ = {isa = PBXFileReference; lastKnownFileType = sourcecode.swift; path = CarDetailTitleTableViewCell.swift; sourceTree = "<group>"; };
		72CC82FD269A6662001234DA /* CarDetailMapTableViewCell.swift */ = {isa = PBXFileReference; lastKnownFileType = sourcecode.swift; path = CarDetailMapTableViewCell.swift; sourceTree = "<group>"; };
		72CC82FF269A6699001234DA /* CarDetailCostTableViewCell.swift */ = {isa = PBXFileReference; lastKnownFileType = sourcecode.swift; path = CarDetailCostTableViewCell.swift; sourceTree = "<group>"; };
		72CC8301269A66C3001234DA /* CarDetailActionTableViewCell.swift */ = {isa = PBXFileReference; lastKnownFileType = sourcecode.swift; path = CarDetailActionTableViewCell.swift; sourceTree = "<group>"; };
/* End PBXFileReference section */

/* Begin PBXFrameworksBuildPhase section */
		722F8D73269A0827005368C9 /* Frameworks */ = {
			isa = PBXFrameworksBuildPhase;
			buildActionMask = 2147483647;
			files = (
			);
			runOnlyForDeploymentPostprocessing = 0;
		};
/* End PBXFrameworksBuildPhase section */

/* Begin PBXGroup section */
		722F8D6D269A0827005368C9 = {
			isa = PBXGroup;
			children = (
				722F8D78269A0827005368C9 /* GoGet */,
				722F8D77269A0827005368C9 /* Products */,
			);
			sourceTree = "<group>";
		};
		722F8D77269A0827005368C9 /* Products */ = {
			isa = PBXGroup;
			children = (
				722F8D76269A0827005368C9 /* GoGet.app */,
			);
			name = Products;
			sourceTree = "<group>";
		};
		722F8D78269A0827005368C9 /* GoGet */ = {
			isa = PBXGroup;
			children = (
				722F8D95269A1BB1005368C9 /* Helper */,
				722F8D92269A1941005368C9 /* Extensions */,
				722F8D8F269A190F005368C9 /* CustomViews */,
				722F8D98269A1C75005368C9 /* Views */,
				722F8D79269A0827005368C9 /* AppDelegate.swift */,
				722F8D7B269A0827005368C9 /* SceneDelegate.swift */,
				722F8D7F269A0827005368C9 /* Main.storyboard */,
				722F8D82269A0829005368C9 /* Assets.xcassets */,
				722F8D8D269A0EE7005368C9 /* Colors.xcassets */,
				722F8D84269A0829005368C9 /* LaunchScreen.storyboard */,
				722F8D87269A0829005368C9 /* Info.plist */,
			);
			path = GoGet;
			sourceTree = "<group>";
		};
		722F8D8F269A190F005368C9 /* CustomViews */ = {
			isa = PBXGroup;
			children = (
				722F8DA5269A41ED005368C9 /* LocationDetailHeaderView */,
				722F8D90269A191C005368C9 /* AnimatedButton.swift */,
				72CC82F9269A5D52001234DA /* CarDetailActionBtn.swift */,
			);
			path = CustomViews;
			sourceTree = "<group>";
		};
		722F8D92269A1941005368C9 /* Extensions */ = {
			isa = PBXGroup;
			children = (
				722F8D93269A194E005368C9 /* UIView+Extensions.swift */,
			);
			path = Extensions;
			sourceTree = "<group>";
		};
		722F8D95269A1BB1005368C9 /* Helper */ = {
			isa = PBXGroup;
			children = (
				722F8D96269A1BBD005368C9 /* LaunchHelper.swift */,
				722F8DA3269A3EE8005368C9 /* NibableHelperProtocol.swift */,
			);
			path = Helper;
			sourceTree = "<group>";
		};
		722F8D98269A1C75005368C9 /* Views */ = {
			isa = PBXGroup;
			children = (
				722F8D9E269A322E005368C9 /* Cell */,
				722F8D99269A1CA1005368C9 /* MainViewController.swift */,
				722F8D9C269A2F4D005368C9 /* LocationDetailViewController.swift */,
				7272768B269A58140055ACCA /* CarDetailViewController.swift */,
			);
			path = Views;
			sourceTree = "<group>";
		};
		722F8D9E269A322E005368C9 /* Cell */ = {
			isa = PBXGroup;
			children = (
				722F8DA1269A3E8A005368C9 /* LocationDetailHeaderTableViewCell.swift */,
				722F8D9F269A3268005368C9 /* LocationDetailTableViewCell.swift */,
				72CC82FB269A662D001234DA /* CarDetailTitleTableViewCell.swift */,
				72CC82FD269A6662001234DA /* CarDetailMapTableViewCell.swift */,
				72CC82FF269A6699001234DA /* CarDetailCostTableViewCell.swift */,
				72CC8301269A66C3001234DA /* CarDetailActionTableViewCell.swift */,
				7258A196269A7EB5009369AA /* CarDetailCarImgTableViewCell.swift */,
			);
			path = Cell;
			sourceTree = "<group>";
		};
		722F8DA5269A41ED005368C9 /* LocationDetailHeaderView */ = {
			isa = PBXGroup;
			children = (
				722F8DA6269A420F005368C9 /* LocationDetailHeaderView.xib */,
				722F8DA8269A4222005368C9 /* LocationDetailHeaderView.swift */,
			);
			path = LocationDetailHeaderView;
			sourceTree = "<group>";
		};
/* End PBXGroup section */

/* Begin PBXNativeTarget section */
		722F8D75269A0827005368C9 /* GoGet */ = {
			isa = PBXNativeTarget;
			buildConfigurationList = 722F8D8A269A0829005368C9 /* Build configuration list for PBXNativeTarget "GoGet" */;
			buildPhases = (
				722F8D72269A0827005368C9 /* Sources */,
				722F8D73269A0827005368C9 /* Frameworks */,
				722F8D74269A0827005368C9 /* Resources */,
			);
			buildRules = (
			);
			dependencies = (
			);
			name = GoGet;
			productName = GoGet;
			productReference = 722F8D76269A0827005368C9 /* GoGet.app */;
			productType = "com.apple.product-type.application";
		};
/* End PBXNativeTarget section */

/* Begin PBXProject section */
		722F8D6E269A0827005368C9 /* Project object */ = {
			isa = PBXProject;
			attributes = {
				LastSwiftUpdateCheck = 1250;
				LastUpgradeCheck = 1250;
				TargetAttributes = {
					722F8D75269A0827005368C9 = {
						CreatedOnToolsVersion = 12.5;
					};
				};
			};
			buildConfigurationList = 722F8D71269A0827005368C9 /* Build configuration list for PBXProject "GoGet" */;
			compatibilityVersion = "Xcode 9.3";
			developmentRegion = en;
			hasScannedForEncodings = 0;
			knownRegions = (
				en,
				Base,
			);
			mainGroup = 722F8D6D269A0827005368C9;
			productRefGroup = 722F8D77269A0827005368C9 /* Products */;
			projectDirPath = "";
			projectRoot = "";
			targets = (
				722F8D75269A0827005368C9 /* GoGet */,
			);
		};
/* End PBXProject section */

/* Begin PBXResourcesBuildPhase section */
		722F8D74269A0827005368C9 /* Resources */ = {
			isa = PBXResourcesBuildPhase;
			buildActionMask = 2147483647;
			files = (
				722F8DA7269A420F005368C9 /* LocationDetailHeaderView.xib in Resources */,
				722F8D86269A0829005368C9 /* LaunchScreen.storyboard in Resources */,
				722F8D8E269A0EE7005368C9 /* Colors.xcassets in Resources */,
				722F8D83269A0829005368C9 /* Assets.xcassets in Resources */,
				722F8D81269A0827005368C9 /* Main.storyboard in Resources */,
			);
			runOnlyForDeploymentPostprocessing = 0;
		};
/* End PBXResourcesBuildPhase section */

/* Begin PBXSourcesBuildPhase section */
		722F8D72269A0827005368C9 /* Sources */ = {
			isa = PBXSourcesBuildPhase;
			buildActionMask = 2147483647;
			files = (
				72CC8300269A6699001234DA /* CarDetailCostTableViewCell.swift in Sources */,
				722F8D9A269A1CA1005368C9 /* MainViewController.swift in Sources */,
				722F8DA2269A3E8A005368C9 /* LocationDetailHeaderTableViewCell.swift in Sources */,
				722F8DA0269A3269005368C9 /* LocationDetailTableViewCell.swift in Sources */,
				722F8D97269A1BBD005368C9 /* LaunchHelper.swift in Sources */,
				722F8D9D269A2F4D005368C9 /* LocationDetailViewController.swift in Sources */,
				722F8DA9269A4222005368C9 /* LocationDetailHeaderView.swift in Sources */,
				722F8D7A269A0827005368C9 /* AppDelegate.swift in Sources */,
				7258A197269A7EB5009369AA /* CarDetailCarImgTableViewCell.swift in Sources */,
				722F8D94269A194E005368C9 /* UIView+Extensions.swift in Sources */,
				7272768C269A58150055ACCA /* CarDetailViewController.swift in Sources */,
				722F8D91269A191C005368C9 /* AnimatedButton.swift in Sources */,
				72CC8302269A66C3001234DA /* CarDetailActionTableViewCell.swift in Sources */,
				72CC82FE269A6662001234DA /* CarDetailMapTableViewCell.swift in Sources */,
				72CC82FC269A662D001234DA /* CarDetailTitleTableViewCell.swift in Sources */,
				72CC82FA269A5D52001234DA /* CarDetailActionBtn.swift in Sources */,
				722F8D7C269A0827005368C9 /* SceneDelegate.swift in Sources */,
				722F8DA4269A3EE8005368C9 /* NibableHelperProtocol.swift in Sources */,
			);
			runOnlyForDeploymentPostprocessing = 0;
		};
/* End PBXSourcesBuildPhase section */

/* Begin PBXVariantGroup section */
		722F8D7F269A0827005368C9 /* Main.storyboard */ = {
			isa = PBXVariantGroup;
			children = (
				722F8D80269A0827005368C9 /* Base */,
			);
			name = Main.storyboard;
			sourceTree = "<group>";
		};
		722F8D84269A0829005368C9 /* LaunchScreen.storyboard */ = {
			isa = PBXVariantGroup;
			children = (
				722F8D85269A0829005368C9 /* Base */,
			);
			name = LaunchScreen.storyboard;
			sourceTree = "<group>";
		};
/* End PBXVariantGroup section */

/* Begin XCBuildConfiguration section */
		722F8D88269A0829005368C9 /* Debug */ = {
			isa = XCBuildConfiguration;
			buildSettings = {
				ALWAYS_SEARCH_USER_PATHS = NO;
				CLANG_ANALYZER_NONNULL = YES;
				CLANG_ANALYZER_NUMBER_OBJECT_CONVERSION = YES_AGGRESSIVE;
				CLANG_CXX_LANGUAGE_STANDARD = "gnu++14";
				CLANG_CXX_LIBRARY = "libc++";
				CLANG_ENABLE_MODULES = YES;
				CLANG_ENABLE_OBJC_ARC = YES;
				CLANG_ENABLE_OBJC_WEAK = YES;
				CLANG_WARN_BLOCK_CAPTURE_AUTORELEASING = YES;
				CLANG_WARN_BOOL_CONVERSION = YES;
				CLANG_WARN_COMMA = YES;
				CLANG_WARN_CONSTANT_CONVERSION = YES;
				CLANG_WARN_DEPRECATED_OBJC_IMPLEMENTATIONS = YES;
				CLANG_WARN_DIRECT_OBJC_ISA_USAGE = YES_ERROR;
				CLANG_WARN_DOCUMENTATION_COMMENTS = YES;
				CLANG_WARN_EMPTY_BODY = YES;
				CLANG_WARN_ENUM_CONVERSION = YES;
				CLANG_WARN_INFINITE_RECURSION = YES;
				CLANG_WARN_INT_CONVERSION = YES;
				CLANG_WARN_NON_LITERAL_NULL_CONVERSION = YES;
				CLANG_WARN_OBJC_IMPLICIT_RETAIN_SELF = YES;
				CLANG_WARN_OBJC_LITERAL_CONVERSION = YES;
				CLANG_WARN_OBJC_ROOT_CLASS = YES_ERROR;
				CLANG_WARN_QUOTED_INCLUDE_IN_FRAMEWORK_HEADER = YES;
				CLANG_WARN_RANGE_LOOP_ANALYSIS = YES;
				CLANG_WARN_STRICT_PROTOTYPES = YES;
				CLANG_WARN_SUSPICIOUS_MOVE = YES;
				CLANG_WARN_UNGUARDED_AVAILABILITY = YES_AGGRESSIVE;
				CLANG_WARN_UNREACHABLE_CODE = YES;
				CLANG_WARN__DUPLICATE_METHOD_MATCH = YES;
				COPY_PHASE_STRIP = NO;
				DEBUG_INFORMATION_FORMAT = dwarf;
				ENABLE_STRICT_OBJC_MSGSEND = YES;
				ENABLE_TESTABILITY = YES;
				GCC_C_LANGUAGE_STANDARD = gnu11;
				GCC_DYNAMIC_NO_PIC = NO;
				GCC_NO_COMMON_BLOCKS = YES;
				GCC_OPTIMIZATION_LEVEL = 0;
				GCC_PREPROCESSOR_DEFINITIONS = (
					"DEBUG=1",
					"$(inherited)",
				);
				GCC_WARN_64_TO_32_BIT_CONVERSION = YES;
				GCC_WARN_ABOUT_RETURN_TYPE = YES_ERROR;
				GCC_WARN_UNDECLARED_SELECTOR = YES;
				GCC_WARN_UNINITIALIZED_AUTOS = YES_AGGRESSIVE;
				GCC_WARN_UNUSED_FUNCTION = YES;
				GCC_WARN_UNUSED_VARIABLE = YES;
				IPHONEOS_DEPLOYMENT_TARGET = 14.5;
				MTL_ENABLE_DEBUG_INFO = INCLUDE_SOURCE;
				MTL_FAST_MATH = YES;
				ONLY_ACTIVE_ARCH = YES;
				SDKROOT = iphoneos;
				SWIFT_ACTIVE_COMPILATION_CONDITIONS = DEBUG;
				SWIFT_OPTIMIZATION_LEVEL = "-Onone";
			};
			name = Debug;
		};
		722F8D89269A0829005368C9 /* Release */ = {
			isa = XCBuildConfiguration;
			buildSettings = {
				ALWAYS_SEARCH_USER_PATHS = NO;
				CLANG_ANALYZER_NONNULL = YES;
				CLANG_ANALYZER_NUMBER_OBJECT_CONVERSION = YES_AGGRESSIVE;
				CLANG_CXX_LANGUAGE_STANDARD = "gnu++14";
				CLANG_CXX_LIBRARY = "libc++";
				CLANG_ENABLE_MODULES = YES;
				CLANG_ENABLE_OBJC_ARC = YES;
				CLANG_ENABLE_OBJC_WEAK = YES;
				CLANG_WARN_BLOCK_CAPTURE_AUTORELEASING = YES;
				CLANG_WARN_BOOL_CONVERSION = YES;
				CLANG_WARN_COMMA = YES;
				CLANG_WARN_CONSTANT_CONVERSION = YES;
				CLANG_WARN_DEPRECATED_OBJC_IMPLEMENTATIONS = YES;
				CLANG_WARN_DIRECT_OBJC_ISA_USAGE = YES_ERROR;
				CLANG_WARN_DOCUMENTATION_COMMENTS = YES;
				CLANG_WARN_EMPTY_BODY = YES;
				CLANG_WARN_ENUM_CONVERSION = YES;
				CLANG_WARN_INFINITE_RECURSION = YES;
				CLANG_WARN_INT_CONVERSION = YES;
				CLANG_WARN_NON_LITERAL_NULL_CONVERSION = YES;
				CLANG_WARN_OBJC_IMPLICIT_RETAIN_SELF = YES;
				CLANG_WARN_OBJC_LITERAL_CONVERSION = YES;
				CLANG_WARN_OBJC_ROOT_CLASS = YES_ERROR;
				CLANG_WARN_QUOTED_INCLUDE_IN_FRAMEWORK_HEADER = YES;
				CLANG_WARN_RANGE_LOOP_ANALYSIS = YES;
				CLANG_WARN_STRICT_PROTOTYPES = YES;
				CLANG_WARN_SUSPICIOUS_MOVE = YES;
				CLANG_WARN_UNGUARDED_AVAILABILITY = YES_AGGRESSIVE;
				CLANG_WARN_UNREACHABLE_CODE = YES;
				CLANG_WARN__DUPLICATE_METHOD_MATCH = YES;
				COPY_PHASE_STRIP = NO;
				DEBUG_INFORMATION_FORMAT = "dwarf-with-dsym";
				ENABLE_NS_ASSERTIONS = NO;
				ENABLE_STRICT_OBJC_MSGSEND = YES;
				GCC_C_LANGUAGE_STANDARD = gnu11;
				GCC_NO_COMMON_BLOCKS = YES;
				GCC_WARN_64_TO_32_BIT_CONVERSION = YES;
				GCC_WARN_ABOUT_RETURN_TYPE = YES_ERROR;
				GCC_WARN_UNDECLARED_SELECTOR = YES;
				GCC_WARN_UNINITIALIZED_AUTOS = YES_AGGRESSIVE;
				GCC_WARN_UNUSED_FUNCTION = YES;
				GCC_WARN_UNUSED_VARIABLE = YES;
				IPHONEOS_DEPLOYMENT_TARGET = 14.5;
				MTL_ENABLE_DEBUG_INFO = NO;
				MTL_FAST_MATH = YES;
				SDKROOT = iphoneos;
				SWIFT_COMPILATION_MODE = wholemodule;
				SWIFT_OPTIMIZATION_LEVEL = "-O";
				VALIDATE_PRODUCT = YES;
			};
			name = Release;
		};
		722F8D8B269A0829005368C9 /* Debug */ = {
			isa = XCBuildConfiguration;
			buildSettings = {
				ASSETCATALOG_COMPILER_APPICON_NAME = AppIcon;
				ASSETCATALOG_COMPILER_GLOBAL_ACCENT_COLOR_NAME = AccentColor;
				CODE_SIGN_STYLE = Automatic;
				DEVELOPMENT_TEAM = Q34BHBTKS2;
				INFOPLIST_FILE = GoGet/Info.plist;
				IPHONEOS_DEPLOYMENT_TARGET = 13.0;
				LD_RUNPATH_SEARCH_PATHS = (
					"$(inherited)",
					"@executable_path/Frameworks",
				);
				PRODUCT_BUNDLE_IDENTIFIER = com.dc.ios.GoGet;
				PRODUCT_NAME = "$(TARGET_NAME)";
				SWIFT_VERSION = 5.0;
				TARGETED_DEVICE_FAMILY = "1,2";
			};
			name = Debug;
		};
		722F8D8C269A0829005368C9 /* Release */ = {
			isa = XCBuildConfiguration;
			buildSettings = {
				ASSETCATALOG_COMPILER_APPICON_NAME = AppIcon;
				ASSETCATALOG_COMPILER_GLOBAL_ACCENT_COLOR_NAME = AccentColor;
				CODE_SIGN_STYLE = Automatic;
				DEVELOPMENT_TEAM = Q34BHBTKS2;
				INFOPLIST_FILE = GoGet/Info.plist;
				IPHONEOS_DEPLOYMENT_TARGET = 13.0;
				LD_RUNPATH_SEARCH_PATHS = (
					"$(inherited)",
					"@executable_path/Frameworks",
				);
				PRODUCT_BUNDLE_IDENTIFIER = com.dc.ios.GoGet;
				PRODUCT_NAME = "$(TARGET_NAME)";
				SWIFT_VERSION = 5.0;
				TARGETED_DEVICE_FAMILY = "1,2";
			};
			name = Release;
		};
/* End XCBuildConfiguration section */

/* Begin XCConfigurationList section */
		722F8D71269A0827005368C9 /* Build configuration list for PBXProject "GoGet" */ = {
			isa = XCConfigurationList;
			buildConfigurations = (
				722F8D88269A0829005368C9 /* Debug */,
				722F8D89269A0829005368C9 /* Release */,
			);
			defaultConfigurationIsVisible = 0;
			defaultConfigurationName = Release;
		};
		722F8D8A269A0829005368C9 /* Build configuration list for PBXNativeTarget "GoGet" */ = {
			isa = XCConfigurationList;
			buildConfigurations = (
				722F8D8B269A0829005368C9 /* Debug */,
				722F8D8C269A0829005368C9 /* Release */,
			);
			defaultConfigurationIsVisible = 0;
			defaultConfigurationName = Release;
		};
/* End XCConfigurationList section */
	};
	rootObject = 722F8D6E269A0827005368C9 /* Project object */;
}
